// !$*UTF8*$!
{
	archiveVersion = 1;
	classes = {
	};
	objectVersion = 46;
	objects = {

/* Begin PBXBuildFile section */
		541AD54819C21A840083FDD1 /* Foundation.framework in Frameworks */ = {isa = PBXBuildFile; fileRef = 541AD54719C21A840083FDD1 /* Foundation.framework */; };
		541AD54A19C21A840083FDD1 /* CoreGraphics.framework in Frameworks */ = {isa = PBXBuildFile; fileRef = 541AD54919C21A840083FDD1 /* CoreGraphics.framework */; };
		541AD54C19C21A840083FDD1 /* UIKit.framework in Frameworks */ = {isa = PBXBuildFile; fileRef = 541AD54B19C21A840083FDD1 /* UIKit.framework */; };
		541AD54E19C21A840083FDD1 /* CoreData.framework in Frameworks */ = {isa = PBXBuildFile; fileRef = 541AD54D19C21A840083FDD1 /* CoreData.framework */; };
		541AD55419C21A840083FDD1 /* InfoPlist.strings in Resources */ = {isa = PBXBuildFile; fileRef = 541AD55219C21A840083FDD1 /* InfoPlist.strings */; };
		541AD55619C21A840083FDD1 /* main.m in Sources */ = {isa = PBXBuildFile; fileRef = 541AD55519C21A840083FDD1 /* main.m */; };
		541AD55A19C21A840083FDD1 /* CBCAppDelegate.m in Sources */ = {isa = PBXBuildFile; fileRef = 541AD55919C21A840083FDD1 /* CBCAppDelegate.m */; };
		541AD55D19C21A840083FDD1 /* Biogram2_iOS.xcdatamodeld in Sources */ = {isa = PBXBuildFile; fileRef = 541AD55B19C21A840083FDD1 /* Biogram2_iOS.xcdatamodeld */; };
		541AD55F19C21A840083FDD1 /* Images.xcassets in Resources */ = {isa = PBXBuildFile; fileRef = 541AD55E19C21A840083FDD1 /* Images.xcassets */; };
		541AD56619C21A850083FDD1 /* XCTest.framework in Frameworks */ = {isa = PBXBuildFile; fileRef = 541AD56519C21A850083FDD1 /* XCTest.framework */; };
		541AD56719C21A850083FDD1 /* Foundation.framework in Frameworks */ = {isa = PBXBuildFile; fileRef = 541AD54719C21A840083FDD1 /* Foundation.framework */; };
		541AD56819C21A850083FDD1 /* UIKit.framework in Frameworks */ = {isa = PBXBuildFile; fileRef = 541AD54B19C21A840083FDD1 /* UIKit.framework */; };
		541AD56919C21A850083FDD1 /* CoreData.framework in Frameworks */ = {isa = PBXBuildFile; fileRef = 541AD54D19C21A840083FDD1 /* CoreData.framework */; };
		541AD57119C21A850083FDD1 /* InfoPlist.strings in Resources */ = {isa = PBXBuildFile; fileRef = 541AD56F19C21A850083FDD1 /* InfoPlist.strings */; };
		541AD57319C21A850083FDD1 /* Biogram2_iOSTests.m in Sources */ = {isa = PBXBuildFile; fileRef = 541AD57219C21A850083FDD1 /* Biogram2_iOSTests.m */; };
		541AD57D19C21B310083FDD1 /* Main.storyboard in Resources */ = {isa = PBXBuildFile; fileRef = 541AD57C19C21B310083FDD1 /* Main.storyboard */; };
		545C5B7319C3874400FC704D /* CBCMedableViewAccountController.m in Sources */ = {isa = PBXBuildFile; fileRef = 545C5B7219C3874400FC704D /* CBCMedableViewAccountController.m */; };
		545C5B7919C3A00A00FC704D /* EXTPhoneNumberFormatter.m in Sources */ = {isa = PBXBuildFile; fileRef = 545C5B7819C3A00A00FC704D /* EXTPhoneNumberFormatter.m */; };
		545C5B7B19C3E7C200FC704D /* Biogram2_iOSModel.strings in Resources */ = {isa = PBXBuildFile; fileRef = 545C5B7A19C3E7C200FC704D /* Biogram2_iOSModel.strings */; };
		545C5B7F19C4368800FC704D /* CBCHeartRateEvent.m in Sources */ = {isa = PBXBuildFile; fileRef = 545C5B7E19C4368800FC704D /* CBCHeartRateEvent.m */; };
		545C5B8219C440B600FC704D /* CBCFeedViewController.m in Sources */ = {isa = PBXBuildFile; fileRef = 545C5B8119C440B600FC704D /* CBCFeedViewController.m */; };
		545C5B8619C4F7B200FC704D /* CBCManualHeartRateController.m in Sources */ = {isa = PBXBuildFile; fileRef = 545C5B8519C4F7B200FC704D /* CBCManualHeartRateController.m */; };
		545C5B8A19C504D100FC704D /* CBCCreateHeartRateEventController.m in Sources */ = {isa = PBXBuildFile; fileRef = 545C5B8919C504D100FC704D /* CBCCreateHeartRateEventController.m */; };
		545C5B8E19C5096600FC704D /* CBCSelectPhotoController.m in Sources */ = {isa = PBXBuildFile; fileRef = 545C5B8D19C5096600FC704D /* CBCSelectPhotoController.m */; };
		5495F86C19C2779E00E5937E /* CBCDetailViewController.m in Sources */ = {isa = PBXBuildFile; fileRef = 5495F86B19C2779E00E5937E /* CBCDetailViewController.m */; };
		54A266D019C2B1A300BE5834 /* CBCMedableCreateAccountController.m in Sources */ = {isa = PBXBuildFile; fileRef = 54A266CF19C2B1A300BE5834 /* CBCMedableCreateAccountController.m */; };
		54A266D419C2B69F00BE5834 /* CBCMedableMainTableViewController.m in Sources */ = {isa = PBXBuildFile; fileRef = 54A266D319C2B69F00BE5834 /* CBCMedableMainTableViewController.m */; };
		54A266D719C2BBF000BE5834 /* CBCMedableAccount.m in Sources */ = {isa = PBXBuildFile; fileRef = 54A266D619C2BBF000BE5834 /* CBCMedableAccount.m */; };
/* End PBXBuildFile section */

/* Begin PBXContainerItemProxy section */
		541AD56A19C21A850083FDD1 /* PBXContainerItemProxy */ = {
			isa = PBXContainerItemProxy;
			containerPortal = 541AD53C19C21A840083FDD1 /* Project object */;
			proxyType = 1;
			remoteGlobalIDString = 541AD54319C21A840083FDD1;
			remoteInfo = "Biogram2-iOS";
		};
/* End PBXContainerItemProxy section */

/* Begin PBXFileReference section */
		541AD54419C21A840083FDD1 /* Biogram2-iOS.app */ = {isa = PBXFileReference; explicitFileType = wrapper.application; includeInIndex = 0; path = "Biogram2-iOS.app"; sourceTree = BUILT_PRODUCTS_DIR; };
		541AD54719C21A840083FDD1 /* Foundation.framework */ = {isa = PBXFileReference; lastKnownFileType = wrapper.framework; name = Foundation.framework; path = System/Library/Frameworks/Foundation.framework; sourceTree = SDKROOT; };
		541AD54919C21A840083FDD1 /* CoreGraphics.framework */ = {isa = PBXFileReference; lastKnownFileType = wrapper.framework; name = CoreGraphics.framework; path = System/Library/Frameworks/CoreGraphics.framework; sourceTree = SDKROOT; };
		541AD54B19C21A840083FDD1 /* UIKit.framework */ = {isa = PBXFileReference; lastKnownFileType = wrapper.framework; name = UIKit.framework; path = System/Library/Frameworks/UIKit.framework; sourceTree = SDKROOT; };
		541AD54D19C21A840083FDD1 /* CoreData.framework */ = {isa = PBXFileReference; lastKnownFileType = wrapper.framework; name = CoreData.framework; path = System/Library/Frameworks/CoreData.framework; sourceTree = SDKROOT; };
		541AD55119C21A840083FDD1 /* Biogram2-iOS-Info.plist */ = {isa = PBXFileReference; lastKnownFileType = text.plist.xml; path = "Biogram2-iOS-Info.plist"; sourceTree = "<group>"; };
		541AD55319C21A840083FDD1 /* en */ = {isa = PBXFileReference; lastKnownFileType = text.plist.strings; name = en; path = en.lproj/InfoPlist.strings; sourceTree = "<group>"; };
		541AD55519C21A840083FDD1 /* main.m */ = {isa = PBXFileReference; lastKnownFileType = sourcecode.c.objc; path = main.m; sourceTree = "<group>"; };
		541AD55719C21A840083FDD1 /* Biogram2-iOS-Prefix.pch */ = {isa = PBXFileReference; lastKnownFileType = sourcecode.c.h; path = "Biogram2-iOS-Prefix.pch"; sourceTree = "<group>"; };
		541AD55819C21A840083FDD1 /* CBCAppDelegate.h */ = {isa = PBXFileReference; lastKnownFileType = sourcecode.c.h; path = CBCAppDelegate.h; sourceTree = "<group>"; };
		541AD55919C21A840083FDD1 /* CBCAppDelegate.m */ = {isa = PBXFileReference; lastKnownFileType = sourcecode.c.objc; path = CBCAppDelegate.m; sourceTree = "<group>"; };
		541AD55C19C21A840083FDD1 /* Biogram2_iOS.xcdatamodel */ = {isa = PBXFileReference; lastKnownFileType = wrapper.xcdatamodel; path = Biogram2_iOS.xcdatamodel; sourceTree = "<group>"; };
		541AD55E19C21A840083FDD1 /* Images.xcassets */ = {isa = PBXFileReference; lastKnownFileType = folder.assetcatalog; path = Images.xcassets; sourceTree = "<group>"; };
		541AD56419C21A850083FDD1 /* Biogram2-iOSTests.xctest */ = {isa = PBXFileReference; explicitFileType = wrapper.cfbundle; includeInIndex = 0; path = "Biogram2-iOSTests.xctest"; sourceTree = BUILT_PRODUCTS_DIR; };
		541AD56519C21A850083FDD1 /* XCTest.framework */ = {isa = PBXFileReference; lastKnownFileType = wrapper.framework; name = XCTest.framework; path = Library/Frameworks/XCTest.framework; sourceTree = DEVELOPER_DIR; };
		541AD56E19C21A850083FDD1 /* Biogram2-iOSTests-Info.plist */ = {isa = PBXFileReference; lastKnownFileType = text.plist.xml; path = "Biogram2-iOSTests-Info.plist"; sourceTree = "<group>"; };
		541AD57019C21A850083FDD1 /* en */ = {isa = PBXFileReference; lastKnownFileType = text.plist.strings; name = en; path = en.lproj/InfoPlist.strings; sourceTree = "<group>"; };
		541AD57219C21A850083FDD1 /* Biogram2_iOSTests.m */ = {isa = PBXFileReference; lastKnownFileType = sourcecode.c.objc; path = Biogram2_iOSTests.m; sourceTree = "<group>"; };
		541AD57C19C21B310083FDD1 /* Main.storyboard */ = {isa = PBXFileReference; fileEncoding = 4; lastKnownFileType = file.storyboard; path = Main.storyboard; sourceTree = "<group>"; };
		545C5B7119C3874400FC704D /* CBCMedableViewAccountController.h */ = {isa = PBXFileReference; fileEncoding = 4; lastKnownFileType = sourcecode.c.h; path = CBCMedableViewAccountController.h; sourceTree = "<group>"; };
		545C5B7219C3874400FC704D /* CBCMedableViewAccountController.m */ = {isa = PBXFileReference; fileEncoding = 4; lastKnownFileType = sourcecode.c.objc; path = CBCMedableViewAccountController.m; sourceTree = "<group>"; };
		545C5B7719C3A00A00FC704D /* EXTPhoneNumberFormatter.h */ = {isa = PBXFileReference; fileEncoding = 4; lastKnownFileType = sourcecode.c.h; path = EXTPhoneNumberFormatter.h; sourceTree = "<group>"; };
		545C5B7819C3A00A00FC704D /* EXTPhoneNumberFormatter.m */ = {isa = PBXFileReference; fileEncoding = 4; lastKnownFileType = sourcecode.c.objc; path = EXTPhoneNumberFormatter.m; sourceTree = "<group>"; };
		545C5B7A19C3E7C200FC704D /* Biogram2_iOSModel.strings */ = {isa = PBXFileReference; fileEncoding = 4; lastKnownFileType = text.plist.strings; path = Biogram2_iOSModel.strings; sourceTree = "<group>"; };
		545C5B7D19C4368800FC704D /* CBCHeartRateEvent.h */ = {isa = PBXFileReference; fileEncoding = 4; lastKnownFileType = sourcecode.c.h; path = CBCHeartRateEvent.h; sourceTree = "<group>"; };
		545C5B7E19C4368800FC704D /* CBCHeartRateEvent.m */ = {isa = PBXFileReference; fileEncoding = 4; lastKnownFileType = sourcecode.c.objc; path = CBCHeartRateEvent.m; sourceTree = "<group>"; };
		545C5B8019C440B600FC704D /* CBCFeedViewController.h */ = {isa = PBXFileReference; fileEncoding = 4; lastKnownFileType = sourcecode.c.h; path = CBCFeedViewController.h; sourceTree = "<group>"; };
		545C5B8119C440B600FC704D /* CBCFeedViewController.m */ = {isa = PBXFileReference; fileEncoding = 4; lastKnownFileType = sourcecode.c.objc; path = CBCFeedViewController.m; sourceTree = "<group>"; };
		545C5B8419C4F7B200FC704D /* CBCManualHeartRateController.h */ = {isa = PBXFileReference; fileEncoding = 4; lastKnownFileType = sourcecode.c.h; path = CBCManualHeartRateController.h; sourceTree = "<group>"; };
		545C5B8519C4F7B200FC704D /* CBCManualHeartRateController.m */ = {isa = PBXFileReference; fileEncoding = 4; lastKnownFileType = sourcecode.c.objc; path = CBCManualHeartRateController.m; sourceTree = "<group>"; };
		545C5B8819C504D100FC704D /* CBCCreateHeartRateEventController.h */ = {isa = PBXFileReference; fileEncoding = 4; lastKnownFileType = sourcecode.c.h; path = CBCCreateHeartRateEventController.h; sourceTree = "<group>"; };
		545C5B8919C504D100FC704D /* CBCCreateHeartRateEventController.m */ = {isa = PBXFileReference; fileEncoding = 4; lastKnownFileType = sourcecode.c.objc; path = CBCCreateHeartRateEventController.m; sourceTree = "<group>"; };
		545C5B8C19C5096600FC704D /* CBCSelectPhotoController.h */ = {isa = PBXFileReference; fileEncoding = 4; lastKnownFileType = sourcecode.c.h; path = CBCSelectPhotoController.h; sourceTree = "<group>"; };
		545C5B8D19C5096600FC704D /* CBCSelectPhotoController.m */ = {isa = PBXFileReference; fileEncoding = 4; lastKnownFileType = sourcecode.c.objc; path = CBCSelectPhotoController.m; sourceTree = "<group>"; };
		5495F86A19C2779E00E5937E /* CBCDetailViewController.h */ = {isa = PBXFileReference; fileEncoding = 4; lastKnownFileType = sourcecode.c.h; path = CBCDetailViewController.h; sourceTree = "<group>"; };
		5495F86B19C2779E00E5937E /* CBCDetailViewController.m */ = {isa = PBXFileReference; fileEncoding = 4; lastKnownFileType = sourcecode.c.objc; path = CBCDetailViewController.m; sourceTree = "<group>"; };
		54A266CE19C2B1A300BE5834 /* CBCMedableCreateAccountController.h */ = {isa = PBXFileReference; fileEncoding = 4; lastKnownFileType = sourcecode.c.h; path = CBCMedableCreateAccountController.h; sourceTree = "<group>"; };
		54A266CF19C2B1A300BE5834 /* CBCMedableCreateAccountController.m */ = {isa = PBXFileReference; fileEncoding = 4; lastKnownFileType = sourcecode.c.objc; path = CBCMedableCreateAccountController.m; sourceTree = "<group>"; };
		54A266D219C2B69F00BE5834 /* CBCMedableMainTableViewController.h */ = {isa = PBXFileReference; fileEncoding = 4; lastKnownFileType = sourcecode.c.h; path = CBCMedableMainTableViewController.h; sourceTree = "<group>"; };
		54A266D319C2B69F00BE5834 /* CBCMedableMainTableViewController.m */ = {isa = PBXFileReference; fileEncoding = 4; lastKnownFileType = sourcecode.c.objc; path = CBCMedableMainTableViewController.m; sourceTree = "<group>"; };
		54A266D519C2BBF000BE5834 /* CBCMedableAccount.h */ = {isa = PBXFileReference; fileEncoding = 4; lastKnownFileType = sourcecode.c.h; path = CBCMedableAccount.h; sourceTree = "<group>"; };
		54A266D619C2BBF000BE5834 /* CBCMedableAccount.m */ = {isa = PBXFileReference; fileEncoding = 4; lastKnownFileType = sourcecode.c.objc; path = CBCMedableAccount.m; sourceTree = "<group>"; };
/* End PBXFileReference section */

/* Begin PBXFrameworksBuildPhase section */
		541AD54119C21A840083FDD1 /* Frameworks */ = {
			isa = PBXFrameworksBuildPhase;
			buildActionMask = 2147483647;
			files = (
				541AD54A19C21A840083FDD1 /* CoreGraphics.framework in Frameworks */,
				541AD54E19C21A840083FDD1 /* CoreData.framework in Frameworks */,
				541AD54C19C21A840083FDD1 /* UIKit.framework in Frameworks */,
				541AD54819C21A840083FDD1 /* Foundation.framework in Frameworks */,
			);
			runOnlyForDeploymentPostprocessing = 0;
		};
		541AD56119C21A850083FDD1 /* Frameworks */ = {
			isa = PBXFrameworksBuildPhase;
			buildActionMask = 2147483647;
			files = (
				541AD56619C21A850083FDD1 /* XCTest.framework in Frameworks */,
				541AD56919C21A850083FDD1 /* CoreData.framework in Frameworks */,
				541AD56819C21A850083FDD1 /* UIKit.framework in Frameworks */,
				541AD56719C21A850083FDD1 /* Foundation.framework in Frameworks */,
			);
			runOnlyForDeploymentPostprocessing = 0;
		};
/* End PBXFrameworksBuildPhase section */

/* Begin PBXGroup section */
		541AD53B19C21A840083FDD1 = {
			isa = PBXGroup;
			children = (
				541AD54F19C21A840083FDD1 /* Biogram2-iOS */,
				541AD56C19C21A850083FDD1 /* Biogram2-iOSTests */,
				541AD54619C21A840083FDD1 /* Frameworks */,
				541AD54519C21A840083FDD1 /* Products */,
			);
			sourceTree = "<group>";
		};
		541AD54519C21A840083FDD1 /* Products */ = {
			isa = PBXGroup;
			children = (
				541AD54419C21A840083FDD1 /* Biogram2-iOS.app */,
				541AD56419C21A850083FDD1 /* Biogram2-iOSTests.xctest */,
			);
			name = Products;
			sourceTree = "<group>";
		};
		541AD54619C21A840083FDD1 /* Frameworks */ = {
			isa = PBXGroup;
			children = (
				541AD54719C21A840083FDD1 /* Foundation.framework */,
				541AD54919C21A840083FDD1 /* CoreGraphics.framework */,
				541AD54B19C21A840083FDD1 /* UIKit.framework */,
				541AD54D19C21A840083FDD1 /* CoreData.framework */,
				541AD56519C21A850083FDD1 /* XCTest.framework */,
			);
			name = Frameworks;
			sourceTree = "<group>";
		};
		541AD54F19C21A840083FDD1 /* Biogram2-iOS */ = {
			isa = PBXGroup;
			children = (
				541AD57C19C21B310083FDD1 /* Main.storyboard */,
				541AD55E19C21A840083FDD1 /* Images.xcassets */,
				541AD55B19C21A840083FDD1 /* Biogram2_iOS.xcdatamodeld */,
				545C5B7A19C3E7C200FC704D /* Biogram2_iOSModel.strings */,
				541AD55819C21A840083FDD1 /* CBCAppDelegate.h */,
				541AD55919C21A840083FDD1 /* CBCAppDelegate.m */,
				545C5B7C19C4361300FC704D /* Data Model */,
				545C5B8319C4F77E00FC704D /* Create Heart Rate Event */,
				545C5B8B19C505C900FC704D /* Heart Rate Feed */,
				54A266D119C2B67200BE5834 /* Medable */,
				545C5B8719C5041100FC704D /* External Utilities */,
				541AD55019C21A840083FDD1 /* Supporting Files */,
			);
			path = "Biogram2-iOS";
			sourceTree = "<group>";
		};
		541AD55019C21A840083FDD1 /* Supporting Files */ = {
			isa = PBXGroup;
			children = (
				541AD55119C21A840083FDD1 /* Biogram2-iOS-Info.plist */,
				541AD55219C21A840083FDD1 /* InfoPlist.strings */,
				541AD55519C21A840083FDD1 /* main.m */,
				541AD55719C21A840083FDD1 /* Biogram2-iOS-Prefix.pch */,
			);
			name = "Supporting Files";
			sourceTree = "<group>";
		};
		541AD56C19C21A850083FDD1 /* Biogram2-iOSTests */ = {
			isa = PBXGroup;
			children = (
				541AD57219C21A850083FDD1 /* Biogram2_iOSTests.m */,
				541AD56D19C21A850083FDD1 /* Supporting Files */,
			);
			path = "Biogram2-iOSTests";
			sourceTree = "<group>";
		};
		541AD56D19C21A850083FDD1 /* Supporting Files */ = {
			isa = PBXGroup;
			children = (
				541AD56E19C21A850083FDD1 /* Biogram2-iOSTests-Info.plist */,
				541AD56F19C21A850083FDD1 /* InfoPlist.strings */,
			);
			name = "Supporting Files";
			sourceTree = "<group>";
		};
		545C5B7C19C4361300FC704D /* Data Model */ = {
			isa = PBXGroup;
			children = (
				545C5B7D19C4368800FC704D /* CBCHeartRateEvent.h */,
				545C5B7E19C4368800FC704D /* CBCHeartRateEvent.m */,
			);
			name = "Data Model";
			sourceTree = "<group>";
		};
		545C5B8319C4F77E00FC704D /* Create Heart Rate Event */ = {
			isa = PBXGroup;
			children = (
				545C5B8819C504D100FC704D /* CBCCreateHeartRateEventController.h */,
				545C5B8919C504D100FC704D /* CBCCreateHeartRateEventController.m */,
				545C5B8419C4F7B200FC704D /* CBCManualHeartRateController.h */,
				545C5B8519C4F7B200FC704D /* CBCManualHeartRateController.m */,
				545C5B8C19C5096600FC704D /* CBCSelectPhotoController.h */,
				545C5B8D19C5096600FC704D /* CBCSelectPhotoController.m */,
			);
			name = "Create Heart Rate Event";
			sourceTree = "<group>";
		};
		545C5B8719C5041100FC704D /* External Utilities */ = {
			isa = PBXGroup;
			children = (
				545C5B7719C3A00A00FC704D /* EXTPhoneNumberFormatter.h */,
				545C5B7819C3A00A00FC704D /* EXTPhoneNumberFormatter.m */,
			);
			name = "External Utilities";
			sourceTree = "<group>";
		};
		545C5B8B19C505C900FC704D /* Heart Rate Feed */ = {
			isa = PBXGroup;
			children = (
				5495F86A19C2779E00E5937E /* CBCDetailViewController.h */,
				5495F86B19C2779E00E5937E /* CBCDetailViewController.m */,
				545C5B8019C440B600FC704D /* CBCFeedViewController.h */,
				545C5B8119C440B600FC704D /* CBCFeedViewController.m */,
			);
			name = "Heart Rate Feed";
			sourceTree = "<group>";
		};
		54A266D119C2B67200BE5834 /* Medable */ = {
			isa = PBXGroup;
			children = (
				545C5B7119C3874400FC704D /* CBCMedableViewAccountController.h */,
				545C5B7219C3874400FC704D /* CBCMedableViewAccountController.m */,
				54A266CE19C2B1A300BE5834 /* CBCMedableCreateAccountController.h */,
				54A266CF19C2B1A300BE5834 /* CBCMedableCreateAccountController.m */,
				54A266D219C2B69F00BE5834 /* CBCMedableMainTableViewController.h */,
				54A266D319C2B69F00BE5834 /* CBCMedableMainTableViewController.m */,
				54A266D519C2BBF000BE5834 /* CBCMedableAccount.h */,
				54A266D619C2BBF000BE5834 /* CBCMedableAccount.m */,
			);
			name = Medable;
			sourceTree = "<group>";
		};
/* End PBXGroup section */

/* Begin PBXNativeTarget section */
		541AD54319C21A840083FDD1 /* Biogram2-iOS */ = {
			isa = PBXNativeTarget;
			buildConfigurationList = 541AD57619C21A850083FDD1 /* Build configuration list for PBXNativeTarget "Biogram2-iOS" */;
			buildPhases = (
				541AD54019C21A840083FDD1 /* Sources */,
				541AD54119C21A840083FDD1 /* Frameworks */,
				541AD54219C21A840083FDD1 /* Resources */,
			);
			buildRules = (
			);
			dependencies = (
			);
			name = "Biogram2-iOS";
			productName = "Biogram2-iOS";
			productReference = 541AD54419C21A840083FDD1 /* Biogram2-iOS.app */;
			productType = "com.apple.product-type.application";
		};
		541AD56319C21A850083FDD1 /* Biogram2-iOSTests */ = {
			isa = PBXNativeTarget;
			buildConfigurationList = 541AD57919C21A850083FDD1 /* Build configuration list for PBXNativeTarget "Biogram2-iOSTests" */;
			buildPhases = (
				541AD56019C21A850083FDD1 /* Sources */,
				541AD56119C21A850083FDD1 /* Frameworks */,
				541AD56219C21A850083FDD1 /* Resources */,
			);
			buildRules = (
			);
			dependencies = (
				541AD56B19C21A850083FDD1 /* PBXTargetDependency */,
			);
			name = "Biogram2-iOSTests";
			productName = "Biogram2-iOSTests";
			productReference = 541AD56419C21A850083FDD1 /* Biogram2-iOSTests.xctest */;
			productType = "com.apple.product-type.bundle.unit-test";
		};
/* End PBXNativeTarget section */

/* Begin PBXProject section */
		541AD53C19C21A840083FDD1 /* Project object */ = {
			isa = PBXProject;
			attributes = {
				CLASSPREFIX = CBC;
				LastUpgradeCheck = 0510;
				ORGANIZATIONNAME = "USC Center for Body Computing";
				TargetAttributes = {
					541AD56319C21A850083FDD1 = {
						TestTargetID = 541AD54319C21A840083FDD1;
					};
				};
			};
			buildConfigurationList = 541AD53F19C21A840083FDD1 /* Build configuration list for PBXProject "Biogram2-iOS" */;
			compatibilityVersion = "Xcode 3.2";
			developmentRegion = English;
			hasScannedForEncodings = 0;
			knownRegions = (
				en,
			);
			mainGroup = 541AD53B19C21A840083FDD1;
			productRefGroup = 541AD54519C21A840083FDD1 /* Products */;
			projectDirPath = "";
			projectRoot = "";
			targets = (
				541AD54319C21A840083FDD1 /* Biogram2-iOS */,
				541AD56319C21A850083FDD1 /* Biogram2-iOSTests */,
			);
		};
/* End PBXProject section */

/* Begin PBXResourcesBuildPhase section */
		541AD54219C21A840083FDD1 /* Resources */ = {
			isa = PBXResourcesBuildPhase;
			buildActionMask = 2147483647;
			files = (
				541AD57D19C21B310083FDD1 /* Main.storyboard in Resources */,
				545C5B7B19C3E7C200FC704D /* Biogram2_iOSModel.strings in Resources */,
				541AD55419C21A840083FDD1 /* InfoPlist.strings in Resources */,
				541AD55F19C21A840083FDD1 /* Images.xcassets in Resources */,
			);
			runOnlyForDeploymentPostprocessing = 0;
		};
		541AD56219C21A850083FDD1 /* Resources */ = {
			isa = PBXResourcesBuildPhase;
			buildActionMask = 2147483647;
			files = (
				541AD57119C21A850083FDD1 /* InfoPlist.strings in Resources */,
			);
			runOnlyForDeploymentPostprocessing = 0;
		};
/* End PBXResourcesBuildPhase section */

/* Begin PBXSourcesBuildPhase section */
		541AD54019C21A840083FDD1 /* Sources */ = {
			isa = PBXSourcesBuildPhase;
			buildActionMask = 2147483647;
			files = (
				545C5B7F19C4368800FC704D /* CBCHeartRateEvent.m in Sources */,
				545C5B8219C440B600FC704D /* CBCFeedViewController.m in Sources */,
				545C5B8A19C504D100FC704D /* CBCCreateHeartRateEventController.m in Sources */,
				545C5B8E19C5096600FC704D /* CBCSelectPhotoController.m in Sources */,
				545C5B7319C3874400FC704D /* CBCMedableViewAccountController.m in Sources */,
				541AD55619C21A840083FDD1 /* main.m in Sources */,
				541AD55D19C21A840083FDD1 /* Biogram2_iOS.xcdatamodeld in Sources */,
				54A266D419C2B69F00BE5834 /* CBCMedableMainTableViewController.m in Sources */,
				5495F86C19C2779E00E5937E /* CBCDetailViewController.m in Sources */,
				545C5B8619C4F7B200FC704D /* CBCManualHeartRateController.m in Sources */,
				545C5B7919C3A00A00FC704D /* EXTPhoneNumberFormatter.m in Sources */,
				54A266D719C2BBF000BE5834 /* CBCMedableAccount.m in Sources */,
				541AD55A19C21A840083FDD1 /* CBCAppDelegate.m in Sources */,
				54A266D019C2B1A300BE5834 /* CBCMedableCreateAccountController.m in Sources */,
			);
			runOnlyForDeploymentPostprocessing = 0;
		};
		541AD56019C21A850083FDD1 /* Sources */ = {
			isa = PBXSourcesBuildPhase;
			buildActionMask = 2147483647;
			files = (
				541AD57319C21A850083FDD1 /* Biogram2_iOSTests.m in Sources */,
			);
			runOnlyForDeploymentPostprocessing = 0;
		};
/* End PBXSourcesBuildPhase section */

/* Begin PBXTargetDependency section */
		541AD56B19C21A850083FDD1 /* PBXTargetDependency */ = {
			isa = PBXTargetDependency;
			target = 541AD54319C21A840083FDD1 /* Biogram2-iOS */;
			targetProxy = 541AD56A19C21A850083FDD1 /* PBXContainerItemProxy */;
		};
/* End PBXTargetDependency section */

/* Begin PBXVariantGroup section */
		541AD55219C21A840083FDD1 /* InfoPlist.strings */ = {
			isa = PBXVariantGroup;
			children = (
				541AD55319C21A840083FDD1 /* en */,
			);
			name = InfoPlist.strings;
			sourceTree = "<group>";
		};
		541AD56F19C21A850083FDD1 /* InfoPlist.strings */ = {
			isa = PBXVariantGroup;
			children = (
				541AD57019C21A850083FDD1 /* en */,
			);
			name = InfoPlist.strings;
			sourceTree = "<group>";
		};
/* End PBXVariantGroup section */

/* Begin XCBuildConfiguration section */
		541AD57419C21A850083FDD1 /* Debug */ = {
			isa = XCBuildConfiguration;
			buildSettings = {
				ALWAYS_SEARCH_USER_PATHS = NO;
				CLANG_CXX_LANGUAGE_STANDARD = "gnu++0x";
				CLANG_CXX_LIBRARY = "libc++";
				CLANG_ENABLE_MODULES = YES;
				CLANG_ENABLE_OBJC_ARC = YES;
				CLANG_WARN_BOOL_CONVERSION = YES;
				CLANG_WARN_CONSTANT_CONVERSION = YES;
				CLANG_WARN_DIRECT_OBJC_ISA_USAGE = YES_ERROR;
				CLANG_WARN_EMPTY_BODY = YES;
				CLANG_WARN_ENUM_CONVERSION = YES;
				CLANG_WARN_INT_CONVERSION = YES;
				CLANG_WARN_OBJC_ROOT_CLASS = YES_ERROR;
				CLANG_WARN__DUPLICATE_METHOD_MATCH = YES;
				"CODE_SIGN_IDENTITY[sdk=iphoneos*]" = "iPhone Developer";
				COPY_PHASE_STRIP = NO;
				GCC_C_LANGUAGE_STANDARD = gnu99;
				GCC_DYNAMIC_NO_PIC = NO;
				GCC_OPTIMIZATION_LEVEL = 0;
				GCC_PREPROCESSOR_DEFINITIONS = (
					"DEBUG=1",
					"$(inherited)",
				);
				GCC_SYMBOLS_PRIVATE_EXTERN = NO;
				GCC_WARN_64_TO_32_BIT_CONVERSION = YES;
				GCC_WARN_ABOUT_RETURN_TYPE = YES_ERROR;
				GCC_WARN_UNDECLARED_SELECTOR = YES;
				GCC_WARN_UNINITIALIZED_AUTOS = YES_AGGRESSIVE;
				GCC_WARN_UNUSED_FUNCTION = YES;
				GCC_WARN_UNUSED_VARIABLE = YES;
				IPHONEOS_DEPLOYMENT_TARGET = 7.1;
				ONLY_ACTIVE_ARCH = YES;
				SDKROOT = iphoneos;
			};
			name = Debug;
		};
		541AD57519C21A850083FDD1 /* Release */ = {
			isa = XCBuildConfiguration;
			buildSettings = {
				ALWAYS_SEARCH_USER_PATHS = NO;
				CLANG_CXX_LANGUAGE_STANDARD = "gnu++0x";
				CLANG_CXX_LIBRARY = "libc++";
				CLANG_ENABLE_MODULES = YES;
				CLANG_ENABLE_OBJC_ARC = YES;
				CLANG_WARN_BOOL_CONVERSION = YES;
				CLANG_WARN_CONSTANT_CONVERSION = YES;
				CLANG_WARN_DIRECT_OBJC_ISA_USAGE = YES_ERROR;
				CLANG_WARN_EMPTY_BODY = YES;
				CLANG_WARN_ENUM_CONVERSION = YES;
				CLANG_WARN_INT_CONVERSION = YES;
				CLANG_WARN_OBJC_ROOT_CLASS = YES_ERROR;
				CLANG_WARN__DUPLICATE_METHOD_MATCH = YES;
				"CODE_SIGN_IDENTITY[sdk=iphoneos*]" = "iPhone Developer";
				COPY_PHASE_STRIP = YES;
				ENABLE_NS_ASSERTIONS = NO;
				GCC_C_LANGUAGE_STANDARD = gnu99;
				GCC_WARN_64_TO_32_BIT_CONVERSION = YES;
				GCC_WARN_ABOUT_RETURN_TYPE = YES_ERROR;
				GCC_WARN_UNDECLARED_SELECTOR = YES;
				GCC_WARN_UNINITIALIZED_AUTOS = YES_AGGRESSIVE;
				GCC_WARN_UNUSED_FUNCTION = YES;
				GCC_WARN_UNUSED_VARIABLE = YES;
				IPHONEOS_DEPLOYMENT_TARGET = 7.1;
				SDKROOT = iphoneos;
				VALIDATE_PRODUCT = YES;
			};
			name = Release;
		};
		541AD57719C21A850083FDD1 /* Debug */ = {
			isa = XCBuildConfiguration;
			buildSettings = {
				ASSETCATALOG_COMPILER_APPICON_NAME = AppIcon;
				ASSETCATALOG_COMPILER_LAUNCHIMAGE_NAME = LaunchImage;
				GCC_PRECOMPILE_PREFIX_HEADER = YES;
				GCC_PREFIX_HEADER = "Biogram2-iOS/Biogram2-iOS-Prefix.pch";
				INFOPLIST_FILE = "Biogram2-iOS/Biogram2-iOS-Info.plist";
				PRODUCT_NAME = "$(TARGET_NAME)";
				WRAPPER_EXTENSION = app;
			};
			name = Debug;
		};
		541AD57819C21A850083FDD1 /* Release */ = {
			isa = XCBuildConfiguration;
			buildSettings = {
				ASSETCATALOG_COMPILER_APPICON_NAME = AppIcon;
				ASSETCATALOG_COMPILER_LAUNCHIMAGE_NAME = LaunchImage;
				GCC_PRECOMPILE_PREFIX_HEADER = YES;
				GCC_PREFIX_HEADER = "Biogram2-iOS/Biogram2-iOS-Prefix.pch";
				INFOPLIST_FILE = "Biogram2-iOS/Biogram2-iOS-Info.plist";
				PRODUCT_NAME = "$(TARGET_NAME)";
				WRAPPER_EXTENSION = app;
			};
			name = Release;
		};
		541AD57A19C21A850083FDD1 /* Debug */ = {
			isa = XCBuildConfiguration;
			buildSettings = {
				BUNDLE_LOADER = "$(BUILT_PRODUCTS_DIR)/Biogram2-iOS.app/Biogram2-iOS";
				FRAMEWORK_SEARCH_PATHS = (
					"$(SDKROOT)/Developer/Library/Frameworks",
					"$(inherited)",
					"$(DEVELOPER_FRAMEWORKS_DIR)",
				);
				GCC_PRECOMPILE_PREFIX_HEADER = YES;
				GCC_PREFIX_HEADER = "Biogram2-iOS/Biogram2-iOS-Prefix.pch";
				GCC_PREPROCESSOR_DEFINITIONS = (
					"DEBUG=1",
					"$(inherited)",
				);
				INFOPLIST_FILE = "Biogram2-iOSTests/Biogram2-iOSTests-Info.plist";
				PRODUCT_NAME = "$(TARGET_NAME)";
				TEST_HOST = "$(BUNDLE_LOADER)";
				WRAPPER_EXTENSION = xctest;
			};
			name = Debug;
		};
		541AD57B19C21A850083FDD1 /* Release */ = {
			isa = XCBuildConfiguration;
			buildSettings = {
				BUNDLE_LOADER = "$(BUILT_PRODUCTS_DIR)/Biogram2-iOS.app/Biogram2-iOS";
				FRAMEWORK_SEARCH_PATHS = (
					"$(SDKROOT)/Developer/Library/Frameworks",
					"$(inherited)",
					"$(DEVELOPER_FRAMEWORKS_DIR)",
				);
				GCC_PRECOMPILE_PREFIX_HEADER = YES;
				GCC_PREFIX_HEADER = "Biogram2-iOS/Biogram2-iOS-Prefix.pch";
				INFOPLIST_FILE = "Biogram2-iOSTests/Biogram2-iOSTests-Info.plist";
				PRODUCT_NAME = "$(TARGET_NAME)";
				TEST_HOST = "$(BUNDLE_LOADER)";
				WRAPPER_EXTENSION = xctest;
			};
			name = Release;
		};
/* End XCBuildConfiguration section */

/* Begin XCConfigurationList section */
		541AD53F19C21A840083FDD1 /* Build configuration list for PBXProject "Biogram2-iOS" */ = {
			isa = XCConfigurationList;
			buildConfigurations = (
				541AD57419C21A850083FDD1 /* Debug */,
				541AD57519C21A850083FDD1 /* Release */,
			);
			defaultConfigurationIsVisible = 0;
			defaultConfigurationName = Release;
		};
		541AD57619C21A850083FDD1 /* Build configuration list for PBXNativeTarget "Biogram2-iOS" */ = {
			isa = XCConfigurationList;
			buildConfigurations = (
				541AD57719C21A850083FDD1 /* Debug */,
				541AD57819C21A850083FDD1 /* Release */,
			);
			defaultConfigurationIsVisible = 0;
			defaultConfigurationName = Release;
		};
		541AD57919C21A850083FDD1 /* Build configuration list for PBXNativeTarget "Biogram2-iOSTests" */ = {
			isa = XCConfigurationList;
			buildConfigurations = (
				541AD57A19C21A850083FDD1 /* Debug */,
				541AD57B19C21A850083FDD1 /* Release */,
			);
			defaultConfigurationIsVisible = 0;
			defaultConfigurationName = Release;
		};
/* End XCConfigurationList section */

/* Begin XCVersionGroup section */
		541AD55B19C21A840083FDD1 /* Biogram2_iOS.xcdatamodeld */ = {
			isa = XCVersionGroup;
			children = (
				541AD55C19C21A840083FDD1 /* Biogram2_iOS.xcdatamodel */,
			);
			currentVersion = 541AD55C19C21A840083FDD1 /* Biogram2_iOS.xcdatamodel */;
			path = Biogram2_iOS.xcdatamodeld;
			sourceTree = "<group>";
			versionGroupType = wrapper.xcdatamodel;
		};
/* End XCVersionGroup section */
	};
	rootObject = 541AD53C19C21A840083FDD1 /* Project object */;
}
